{
  "name": "secrets.subvisual.com",
  "lockfileVersion": 3,
  "requires": true,
  "packages": {
    "": {
      "dependencies": {
        "svelte-inline-svg": "^1.2.0"
      }
    },
    "node_modules/svelte-inline-svg": {
      "version": "1.2.0",
      "resolved": "https://registry.npmjs.org/svelte-inline-svg/-/svelte-inline-svg-1.2.0.tgz",
      "integrity": "sha512-mYyvz7uddfaj/yXB5zyAyYSPUyE7vdK8En7dGJjZf3XImdAfOuDxhNn5OFF84BQeJFVZ7T8/rJU33emiHKdLhQ=="
    }
  }
}
